// !$*UTF8*$!
{
	archiveVersion = 1;
	classes = {
	};
	objectVersion = 46;
	objects = {

/* Begin PBXBuildFile section */
		C0230A601F1FCECA00431C75 /* AppDelegate.swift in Sources */ = {isa = PBXBuildFile; fileRef = C0230A5F1F1FCECA00431C75 /* AppDelegate.swift */; };
		C0230A621F1FCECA00431C75 /* ViewController.swift in Sources */ = {isa = PBXBuildFile; fileRef = C0230A611F1FCECA00431C75 /* ViewController.swift */; };
		C0230A651F1FCECA00431C75 /* Main.storyboard in Resources */ = {isa = PBXBuildFile; fileRef = C0230A631F1FCECA00431C75 /* Main.storyboard */; };
		C0230A671F1FCECA00431C75 /* Assets.xcassets in Resources */ = {isa = PBXBuildFile; fileRef = C0230A661F1FCECA00431C75 /* Assets.xcassets */; };
		C0230A6A1F1FCECA00431C75 /* LaunchScreen.storyboard in Resources */ = {isa = PBXBuildFile; fileRef = C0230A681F1FCECA00431C75 /* LaunchScreen.storyboard */; };
/* End PBXBuildFile section */

/* Begin PBXFileReference section */
		C0230A5C1F1FCECA00431C75 /* firebase-auth.app */ = {isa = PBXFileReference; explicitFileType = wrapper.application; includeInIndex = 0; path = "firebase-auth.app"; sourceTree = BUILT_PRODUCTS_DIR; };
		C0230A5F1F1FCECA00431C75 /* AppDelegate.swift */ = {isa = PBXFileReference; lastKnownFileType = sourcecode.swift; path = AppDelegate.swift; sourceTree = "<group>"; };
		C0230A611F1FCECA00431C75 /* ViewController.swift */ = {isa = PBXFileReference; lastKnownFileType = sourcecode.swift; path = ViewController.swift; sourceTree = "<group>"; };
		C0230A641F1FCECA00431C75 /* Base */ = {isa = PBXFileReference; lastKnownFileType = file.storyboard; name = Base; path = Base.lproj/Main.storyboard; sourceTree = "<group>"; };
		C0230A661F1FCECA00431C75 /* Assets.xcassets */ = {isa = PBXFileReference; lastKnownFileType = folder.assetcatalog; path = Assets.xcassets; sourceTree = "<group>"; };
		C0230A691F1FCECA00431C75 /* Base */ = {isa = PBXFileReference; lastKnownFileType = file.storyboard; name = Base; path = Base.lproj/LaunchScreen.storyboard; sourceTree = "<group>"; };
		C0230A6B1F1FCECA00431C75 /* Info.plist */ = {isa = PBXFileReference; lastKnownFileType = text.plist.xml; path = Info.plist; sourceTree = "<group>"; };
/* End PBXFileReference section */

/* Begin PBXFrameworksBuildPhase section */
		C0230A591F1FCECA00431C75 /* Frameworks */ = {
			isa = PBXFrameworksBuildPhase;
			buildActionMask = 2147483647;
			files = (
			);
			runOnlyForDeploymentPostprocessing = 0;
		};
/* End PBXFrameworksBuildPhase section */

/* Begin PBXGroup section */
		C0230A531F1FCECA00431C75 = {
			isa = PBXGroup;
			children = (
				C0230A5E1F1FCECA00431C75 /* firebase-auth */,
				C0230A5D1F1FCECA00431C75 /* Products */,
			);
			sourceTree = "<group>";
		};
		C0230A5D1F1FCECA00431C75 /* Products */ = {
			isa = PBXGroup;
			children = (
				C0230A5C1F1FCECA00431C75 /* firebase-auth.app */,
			);
			name = Products;
			sourceTree = "<group>";
		};
		C0230A5E1F1FCECA00431C75 /* firebase-auth */ = {
			isa = PBXGroup;
			children = (
				C0230A5F1F1FCECA00431C75 /* AppDelegate.swift */,
				C0230A611F1FCECA00431C75 /* ViewController.swift */,
				C0230A631F1FCECA00431C75 /* Main.storyboard */,
				C0230A661F1FCECA00431C75 /* Assets.xcassets */,
				C0230A681F1FCECA00431C75 /* LaunchScreen.storyboard */,
				C0230A6B1F1FCECA00431C75 /* Info.plist */,
			);
			path = "firebase-auth";
			sourceTree = "<group>";
		};
/* End PBXGroup section */

/* Begin PBXNativeTarget section */
		C0230A5B1F1FCECA00431C75 /* firebase-auth */ = {
			isa = PBXNativeTarget;
			buildConfigurationList = C0230A6E1F1FCECA00431C75 /* Build configuration list for PBXNativeTarget "firebase-auth" */;
			buildPhases = (
				C0230A581F1FCECA00431C75 /* Sources */,
				C0230A591F1FCECA00431C75 /* Frameworks */,
				C0230A5A1F1FCECA00431C75 /* Resources */,
			);
			buildRules = (
			);
			dependencies = (
			);
			name = "firebase-auth";
			productName = "firebase-auth";
			productReference = C0230A5C1F1FCECA00431C75 /* firebase-auth.app */;
			productType = "com.apple.product-type.application";
		};
/* End PBXNativeTarget section */

/* Begin PBXProject section */
		C0230A541F1FCECA00431C75 /* Project object */ = {
			isa = PBXProject;
			attributes = {
				LastSwiftUpdateCheck = 0830;
				LastUpgradeCheck = 0830;
				ORGANIZATIONNAME = "Daniel Thompson";
				TargetAttributes = {
					C0230A5B1F1FCECA00431C75 = {
						CreatedOnToolsVersion = 8.3.3;
						DevelopmentTeam = DT64YE9NK6;
						ProvisioningStyle = Automatic;
					};
				};
			};
			buildConfigurationList = C0230A571F1FCECA00431C75 /* Build configuration list for PBXProject "firebase-auth" */;
			compatibilityVersion = "Xcode 3.2";
			developmentRegion = English;
			hasScannedForEncodings = 0;
			knownRegions = (
				en,
				Base,
			);
			mainGroup = C0230A531F1FCECA00431C75;
			productRefGroup = C0230A5D1F1FCECA00431C75 /* Products */;
			projectDirPath = "";
			projectRoot = "";
			targets = (
				C0230A5B1F1FCECA00431C75 /* firebase-auth */,
			);
		};
/* End PBXProject section */

/* Begin PBXResourcesBuildPhase section */
		C0230A5A1F1FCECA00431C75 /* Resources */ = {
			isa = PBXResourcesBuildPhase;
			buildActionMask = 2147483647;
			files = (
				C0230A6A1F1FCECA00431C75 /* LaunchScreen.storyboard in Resources */,
				C0230A671F1FCECA00431C75 /* Assets.xcassets in Resources */,
				C0230A651F1FCECA00431C75 /* Main.storyboard in Resources */,
			);
			runOnlyForDeploymentPostprocessing = 0;
		};
/* End PBXResourcesBuildPhase section */

/* Begin PBXSourcesBuildPhase section */
		C0230A581F1FCECA00431C75 /* Sources */ = {
			isa = PBXSourcesBuildPhase;
			buildActionMask = 2147483647;
			files = (
				C0230A621F1FCECA00431C75 /* ViewController.swift in Sources */,
				C0230A601F1FCECA00431C75 /* AppDelegate.swift in Sources */,
			);
			runOnlyForDeploymentPostprocessing = 0;
		};
/* End PBXSourcesBuildPhase section */

/* Begin PBXVariantGroup section */
		C0230A631F1FCECA00431C75 /* Main.storyboard */ = {
			isa = PBXVariantGroup;
			children = (
				C0230A641F1FCECA00431C75 /* Base */,
			);
			name = Main.storyboard;
			sourceTree = "<group>";
		};
		C0230A681F1FCECA00431C75 /* LaunchScreen.storyboard */ = {
			isa = PBXVariantGroup;
			children = (
				C0230A691F1FCECA00431C75 /* Base */,
			);
			name = LaunchScreen.storyboard;
			sourceTree = "<group>";
		};
/* End PBXVariantGroup section */

/* Begin XCBuildConfiguration section */
		C0230A6C1F1FCECA00431C75 /* Debug */ = {
			isa = XCBuildConfiguration;
			buildSettings = {
				ALWAYS_SEARCH_USER_PATHS = NO;
				CLANG_ANALYZER_NONNULL = YES;
				CLANG_ANALYZER_NUMBER_OBJECT_CONVERSION = YES_AGGRESSIVE;
				CLANG_CXX_LANGUAGE_STANDARD = "gnu++0x";
				CLANG_CXX_LIBRARY = "libc++";
				CLANG_ENABLE_MODULES = YES;
				CLANG_ENABLE_OBJC_ARC = YES;
				CLANG_WARN_BOOL_CONVERSION = YES;
				CLANG_WARN_CONSTANT_CONVERSION = YES;
				CLANG_WARN_DIRECT_OBJC_ISA_USAGE = YES_ERROR;
				CLANG_WARN_DOCUMENTATION_COMMENTS = YES;
				CLANG_WARN_EMPTY_BODY = YES;
				CLANG_WARN_ENUM_CONVERSION = YES;
				CLANG_WARN_INFINITE_RECURSION = YES;
				CLANG_WARN_INT_CONVERSION = YES;
				CLANG_WARN_OBJC_ROOT_CLASS = YES_ERROR;
				CLANG_WARN_SUSPICIOUS_MOVE = YES;
				CLANG_WARN_UNREACHABLE_CODE = YES;
				CLANG_WARN__DUPLICATE_METHOD_MATCH = YES;
				"CODE_SIGN_IDENTITY[sdk=iphoneos*]" = "iPhone Developer";
				COPY_PHASE_STRIP = NO;
				DEBUG_INFORMATION_FORMAT = dwarf;
				ENABLE_STRICT_OBJC_MSGSEND = YES;
				ENABLE_TESTABILITY = YES;
				GCC_C_LANGUAGE_STANDARD = gnu99;
				GCC_DYNAMIC_NO_PIC = NO;
				GCC_NO_COMMON_BLOCKS = YES;
				GCC_OPTIMIZATION_LEVEL = 0;
				GCC_PREPROCESSOR_DEFINITIONS = (
					"DEBUG=1",
					"$(inherited)",
				);
				GCC_WARN_64_TO_32_BIT_CONVERSION = YES;
				GCC_WARN_ABOUT_RETURN_TYPE = YES_ERROR;
				GCC_WARN_UNDECLARED_SELECTOR = YES;
				GCC_WARN_UNINITIALIZED_AUTOS = YES_AGGRESSIVE;
				GCC_WARN_UNUSED_FUNCTION = YES;
				GCC_WARN_UNUSED_VARIABLE = YES;
				IPHONEOS_DEPLOYMENT_TARGET = 10.3;
				MTL_ENABLE_DEBUG_INFO = YES;
				ONLY_ACTIVE_ARCH = YES;
				SDKROOT = iphoneos;
				SWIFT_ACTIVE_COMPILATION_CONDITIONS = DEBUG;
				SWIFT_OPTIMIZATION_LEVEL = "-Onone";
			};
			name = Debug;
		};
		C0230A6D1F1FCECA00431C75 /* Release */ = {
			isa = XCBuildConfiguration;
			buildSettings = {
				ALWAYS_SEARCH_USER_PATHS = NO;
				CLANG_ANALYZER_NONNULL = YES;
				CLANG_ANALYZER_NUMBER_OBJECT_CONVERSION = YES_AGGRESSIVE;
				CLANG_CXX_LANGUAGE_STANDARD = "gnu++0x";
				CLANG_CXX_LIBRARY = "libc++";
				CLANG_ENABLE_MODULES = YES;
				CLANG_ENABLE_OBJC_ARC = YES;
				CLANG_WARN_BOOL_CONVERSION = YES;
				CLANG_WARN_CONSTANT_CONVERSION = YES;
				CLANG_WARN_DIRECT_OBJC_ISA_USAGE = YES_ERROR;
				CLANG_WARN_DOCUMENTATION_COMMENTS = YES;
				CLANG_WARN_EMPTY_BODY = YES;
				CLANG_WARN_ENUM_CONVERSION = YES;
				CLANG_WARN_INFINITE_RECURSION = YES;
				CLANG_WARN_INT_CONVERSION = YES;
				CLANG_WARN_OBJC_ROOT_CLASS = YES_ERROR;
				CLANG_WARN_SUSPICIOUS_MOVE = YES;
				CLANG_WARN_UNREACHABLE_CODE = YES;
				CLANG_WARN__DUPLICATE_METHOD_MATCH = YES;
				"CODE_SIGN_IDENTITY[sdk=iphoneos*]" = "iPhone Developer";
				COPY_PHASE_STRIP = NO;
				DEBUG_INFORMATION_FORMAT = "dwarf-with-dsym";
				ENABLE_NS_ASSERTIONS = NO;
				ENABLE_STRICT_OBJC_MSGSEND = YES;
				GCC_C_LANGUAGE_STANDARD = gnu99;
				GCC_NO_COMMON_BLOCKS = YES;
				GCC_WARN_64_TO_32_BIT_CONVERSION = YES;
				GCC_WARN_ABOUT_RETURN_TYPE = YES_ERROR;
				GCC_WARN_UNDECLARED_SELECTOR = YES;
				GCC_WARN_UNINITIALIZED_AUTOS = YES_AGGRESSIVE;
				GCC_WARN_UNUSED_FUNCTION = YES;
				GCC_WARN_UNUSED_VARIABLE = YES;
				IPHONEOS_DEPLOYMENT_TARGET = 10.3;
				MTL_ENABLE_DEBUG_INFO = NO;
				SDKROOT = iphoneos;
				SWIFT_OPTIMIZATION_LEVEL = "-Owholemodule";
				VALIDATE_PRODUCT = YES;
			};
			name = Release;
		};
		C0230A6F1F1FCECA00431C75 /* Debug */ = {
			isa = XCBuildConfiguration;
			buildSettings = {
				ASSETCATALOG_COMPILER_APPICON_NAME = AppIcon;
				DEVELOPMENT_TEAM = DT64YE9NK6;
				INFOPLIST_FILE = "firebase-auth/Info.plist";
				LD_RUNPATH_SEARCH_PATHS = "$(inherited) @executable_path/Frameworks";
				PRODUCT_BUNDLE_IDENTIFIER = "com.codingdojo.firebase-auth";
				PRODUCT_NAME = "$(TARGET_NAME)";
				SWIFT_VERSION = 3.0;
			};
			name = Debug;
		};
		C0230A701F1FCECA00431C75 /* Release */ = {
			isa = XCBuildConfiguration;
			buildSettings = {
				ASSETCATALOG_COMPILER_APPICON_NAME = AppIcon;
				DEVELOPMENT_TEAM = DT64YE9NK6;
				INFOPLIST_FILE = "firebase-auth/Info.plist";
				LD_RUNPATH_SEARCH_PATHS = "$(inherited) @executable_path/Frameworks";
				PRODUCT_BUNDLE_IDENTIFIER = "com.codingdojo.firebase-auth";
				PRODUCT_NAME = "$(TARGET_NAME)";
				SWIFT_VERSION = 3.0;
			};
			name = Release;
		};
/* End XCBuildConfiguration section */

/* Begin XCConfigurationList section */
		C0230A571F1FCECA00431C75 /* Build configuration list for PBXProject "firebase-auth" */ = {
			isa = XCConfigurationList;
			buildConfigurations = (
				C0230A6C1F1FCECA00431C75 /* Debug */,
				C0230A6D1F1FCECA00431C75 /* Release */,
			);
			defaultConfigurationIsVisible = 0;
			defaultConfigurationName = Release;
		};
		C0230A6E1F1FCECA00431C75 /* Build configuration list for PBXNativeTarget "firebase-auth" */ = {
			isa = XCConfigurationList;
			buildConfigurations = (
				C0230A6F1F1FCECA00431C75 /* Debug */,
				C0230A701F1FCECA00431C75 /* Release */,
			);
			defaultConfigurationIsVisible = 0;
		};
/* End XCConfigurationList section */
	};
	rootObject = C0230A541F1FCECA00431C75 /* Project object */;
}
